// !$*UTF8*$!
{
	archiveVersion = 1;
	classes = {
	};
	objectVersion = 46;
	objects = {

/* Begin PBXBuildFile section */
		696BB6DD1BF2854100B02574 /* AppDelegate.swift in Sources */ = {isa = PBXBuildFile; fileRef = 696BB6DC1BF2854100B02574 /* AppDelegate.swift */; };
		696BB6E41BF2854100B02574 /* Assets.xcassets in Resources */ = {isa = PBXBuildFile; fileRef = 696BB6E31BF2854100B02574 /* Assets.xcassets */; };
		696BB6E71BF2854100B02574 /* LaunchScreen.storyboard in Resources */ = {isa = PBXBuildFile; fileRef = 696BB6E51BF2854100B02574 /* LaunchScreen.storyboard */; };
		696BB6F21BF2854100B02574 /* EternalDemoTests.swift in Sources */ = {isa = PBXBuildFile; fileRef = 696BB6F11BF2854100B02574 /* EternalDemoTests.swift */; };
		696BB6FD1BF2854100B02574 /* EternalDemoUITests.swift in Sources */ = {isa = PBXBuildFile; fileRef = 696BB6FC1BF2854100B02574 /* EternalDemoUITests.swift */; };
		696BB70F1BF2859C00B02574 /* MainViewController.swift in Sources */ = {isa = PBXBuildFile; fileRef = 696BB70D1BF2859C00B02574 /* MainViewController.swift */; };
		696BB7101BF2859C00B02574 /* MainViewController.xib in Resources */ = {isa = PBXBuildFile; fileRef = 696BB70E1BF2859C00B02574 /* MainViewController.xib */; };
		696BB7181BF2871C00B02574 /* ETTimer.swift in Sources */ = {isa = PBXBuildFile; fileRef = 696BB7151BF2871C00B02574 /* ETTimer.swift */; };
		696BB7191BF2871C00B02574 /* ETTimerBlock.swift in Sources */ = {isa = PBXBuildFile; fileRef = 696BB7161BF2871C00B02574 /* ETTimerBlock.swift */; };
		696BB71A1BF2871C00B02574 /* ETTimerExtensionInitialization.swift in Sources */ = {isa = PBXBuildFile; fileRef = 696BB7171BF2871C00B02574 /* ETTimerExtensionInitialization.swift */; };
		69C9A74B1C18CE38002B82EC /* ETDispatcher.swift in Sources */ = {isa = PBXBuildFile; fileRef = 69C9A74A1C18CE38002B82EC /* ETDispatcher.swift */; };
/* End PBXBuildFile section */

/* Begin PBXContainerItemProxy section */
		696BB6EE1BF2854100B02574 /* PBXContainerItemProxy */ = {
			isa = PBXContainerItemProxy;
			containerPortal = 696BB6D11BF2854000B02574 /* Project object */;
			proxyType = 1;
			remoteGlobalIDString = 696BB6D81BF2854000B02574;
			remoteInfo = EternalDemo;
		};
		696BB6F91BF2854100B02574 /* PBXContainerItemProxy */ = {
			isa = PBXContainerItemProxy;
			containerPortal = 696BB6D11BF2854000B02574 /* Project object */;
			proxyType = 1;
			remoteGlobalIDString = 696BB6D81BF2854000B02574;
			remoteInfo = EternalDemo;
		};
/* End PBXContainerItemProxy section */

/* Begin PBXFileReference section */
		696BB6D91BF2854000B02574 /* EternalDemo.app */ = {isa = PBXFileReference; explicitFileType = wrapper.application; includeInIndex = 0; path = EternalDemo.app; sourceTree = BUILT_PRODUCTS_DIR; };
		696BB6DC1BF2854100B02574 /* AppDelegate.swift */ = {isa = PBXFileReference; lastKnownFileType = sourcecode.swift; path = AppDelegate.swift; sourceTree = "<group>"; };
		696BB6E31BF2854100B02574 /* Assets.xcassets */ = {isa = PBXFileReference; lastKnownFileType = folder.assetcatalog; path = Assets.xcassets; sourceTree = "<group>"; };
		696BB6E61BF2854100B02574 /* Base */ = {isa = PBXFileReference; lastKnownFileType = file.storyboard; name = Base; path = Base.lproj/LaunchScreen.storyboard; sourceTree = "<group>"; };
		696BB6E81BF2854100B02574 /* Info.plist */ = {isa = PBXFileReference; lastKnownFileType = text.plist.xml; path = Info.plist; sourceTree = "<group>"; };
		696BB6ED1BF2854100B02574 /* EternalDemoTests.xctest */ = {isa = PBXFileReference; explicitFileType = wrapper.cfbundle; includeInIndex = 0; path = EternalDemoTests.xctest; sourceTree = BUILT_PRODUCTS_DIR; };
		696BB6F11BF2854100B02574 /* EternalDemoTests.swift */ = {isa = PBXFileReference; lastKnownFileType = sourcecode.swift; path = EternalDemoTests.swift; sourceTree = "<group>"; };
		696BB6F31BF2854100B02574 /* Info.plist */ = {isa = PBXFileReference; lastKnownFileType = text.plist.xml; path = Info.plist; sourceTree = "<group>"; };
		696BB6F81BF2854100B02574 /* EternalDemoUITests.xctest */ = {isa = PBXFileReference; explicitFileType = wrapper.cfbundle; includeInIndex = 0; path = EternalDemoUITests.xctest; sourceTree = BUILT_PRODUCTS_DIR; };
		696BB6FC1BF2854100B02574 /* EternalDemoUITests.swift */ = {isa = PBXFileReference; lastKnownFileType = sourcecode.swift; path = EternalDemoUITests.swift; sourceTree = "<group>"; };
		696BB6FE1BF2854100B02574 /* Info.plist */ = {isa = PBXFileReference; lastKnownFileType = text.plist.xml; path = Info.plist; sourceTree = "<group>"; };
		696BB70D1BF2859C00B02574 /* MainViewController.swift */ = {isa = PBXFileReference; fileEncoding = 4; lastKnownFileType = sourcecode.swift; path = MainViewController.swift; sourceTree = "<group>"; };
		696BB70E1BF2859C00B02574 /* MainViewController.xib */ = {isa = PBXFileReference; fileEncoding = 4; lastKnownFileType = file.xib; path = MainViewController.xib; sourceTree = "<group>"; };
		696BB7151BF2871C00B02574 /* ETTimer.swift */ = {isa = PBXFileReference; fileEncoding = 4; lastKnownFileType = sourcecode.swift; path = ETTimer.swift; sourceTree = "<group>"; };
		696BB7161BF2871C00B02574 /* ETTimerBlock.swift */ = {isa = PBXFileReference; fileEncoding = 4; lastKnownFileType = sourcecode.swift; path = ETTimerBlock.swift; sourceTree = "<group>"; };
		696BB7171BF2871C00B02574 /* ETTimerExtensionInitialization.swift */ = {isa = PBXFileReference; fileEncoding = 4; lastKnownFileType = sourcecode.swift; path = ETTimerExtensionInitialization.swift; sourceTree = "<group>"; };
		69C9A74A1C18CE38002B82EC /* ETDispatcher.swift */ = {isa = PBXFileReference; fileEncoding = 4; lastKnownFileType = sourcecode.swift; path = ETDispatcher.swift; sourceTree = "<group>"; };
/* End PBXFileReference section */

/* Begin PBXFrameworksBuildPhase section */
		696BB6D61BF2854000B02574 /* Frameworks */ = {
			isa = PBXFrameworksBuildPhase;
			buildActionMask = 2147483647;
			files = (
			);
			runOnlyForDeploymentPostprocessing = 0;
		};
		696BB6EA1BF2854100B02574 /* Frameworks */ = {
			isa = PBXFrameworksBuildPhase;
			buildActionMask = 2147483647;
			files = (
			);
			runOnlyForDeploymentPostprocessing = 0;
		};
		696BB6F51BF2854100B02574 /* Frameworks */ = {
			isa = PBXFrameworksBuildPhase;
			buildActionMask = 2147483647;
			files = (
			);
			runOnlyForDeploymentPostprocessing = 0;
		};
/* End PBXFrameworksBuildPhase section */

/* Begin PBXGroup section */
		696BB6D01BF2854000B02574 = {
			isa = PBXGroup;
			children = (
				696BB6DB1BF2854000B02574 /* EternalDemo */,
				696BB6F01BF2854100B02574 /* EternalDemoTests */,
				696BB6FB1BF2854100B02574 /* EternalDemoUITests */,
				696BB6DA1BF2854000B02574 /* Products */,
			);
			sourceTree = "<group>";
		};
		696BB6DA1BF2854000B02574 /* Products */ = {
			isa = PBXGroup;
			children = (
				696BB6D91BF2854000B02574 /* EternalDemo.app */,
				696BB6ED1BF2854100B02574 /* EternalDemoTests.xctest */,
				696BB6F81BF2854100B02574 /* EternalDemoUITests.xctest */,
			);
			name = Products;
			sourceTree = "<group>";
		};
		696BB6DB1BF2854000B02574 /* EternalDemo */ = {
			isa = PBXGroup;
			children = (
				696BB70A1BF2858A00B02574 /* Flows */,
				696BB7111BF286E000B02574 /* Libraries */,
				696BB6DC1BF2854100B02574 /* AppDelegate.swift */,
				696BB6E31BF2854100B02574 /* Assets.xcassets */,
				696BB6E51BF2854100B02574 /* LaunchScreen.storyboard */,
				696BB6E81BF2854100B02574 /* Info.plist */,
			);
			path = EternalDemo;
			sourceTree = "<group>";
		};
		696BB6F01BF2854100B02574 /* EternalDemoTests */ = {
			isa = PBXGroup;
			children = (
				696BB6F11BF2854100B02574 /* EternalDemoTests.swift */,
				696BB6F31BF2854100B02574 /* Info.plist */,
			);
			path = EternalDemoTests;
			sourceTree = "<group>";
		};
		696BB6FB1BF2854100B02574 /* EternalDemoUITests */ = {
			isa = PBXGroup;
			children = (
				696BB6FC1BF2854100B02574 /* EternalDemoUITests.swift */,
				696BB6FE1BF2854100B02574 /* Info.plist */,
			);
			path = EternalDemoUITests;
			sourceTree = "<group>";
		};
		696BB70A1BF2858A00B02574 /* Flows */ = {
			isa = PBXGroup;
			children = (
				696BB70B1BF2858A00B02574 /* Main */,
			);
			path = Flows;
			sourceTree = "<group>";
		};
		696BB70B1BF2858A00B02574 /* Main */ = {
			isa = PBXGroup;
			children = (
				696BB70C1BF2858A00B02574 /* MainViewController */,
			);
			path = Main;
			sourceTree = "<group>";
		};
		696BB70C1BF2858A00B02574 /* MainViewController */ = {
			isa = PBXGroup;
			children = (
				696BB70D1BF2859C00B02574 /* MainViewController.swift */,
				696BB70E1BF2859C00B02574 /* MainViewController.xib */,
			);
			path = MainViewController;
			sourceTree = "<group>";
		};
		696BB7111BF286E000B02574 /* Libraries */ = {
			isa = PBXGroup;
			children = (
				696BB7131BF2871C00B02574 /* Eternal */,
			);
			path = Libraries;
			sourceTree = "<group>";
		};
		696BB7131BF2871C00B02574 /* Eternal */ = {
			isa = PBXGroup;
			children = (
				69C9A7491C18CE38002B82EC /* Dispatcher */,
				696BB7141BF2871C00B02574 /* Timer */,
			);
			name = Eternal;
			path = ../../../../Source;
			sourceTree = "<group>";
		};
		696BB7141BF2871C00B02574 /* Timer */ = {
			isa = PBXGroup;
			children = (
				696BB7151BF2871C00B02574 /* ETTimer.swift */,
				696BB7161BF2871C00B02574 /* ETTimerBlock.swift */,
				696BB7171BF2871C00B02574 /* ETTimerExtensionInitialization.swift */,
			);
			path = Timer;
			sourceTree = "<group>";
		};
		69C9A7491C18CE38002B82EC /* Dispatcher */ = {
			isa = PBXGroup;
			children = (
				69C9A74A1C18CE38002B82EC /* ETDispatcher.swift */,
			);
			path = Dispatcher;
			sourceTree = "<group>";
		};
/* End PBXGroup section */

/* Begin PBXNativeTarget section */
		696BB6D81BF2854000B02574 /* EternalDemo */ = {
			isa = PBXNativeTarget;
			buildConfigurationList = 696BB7011BF2854100B02574 /* Build configuration list for PBXNativeTarget "EternalDemo" */;
			buildPhases = (
				696BB6D51BF2854000B02574 /* Sources */,
				696BB6D61BF2854000B02574 /* Frameworks */,
				696BB6D71BF2854000B02574 /* Resources */,
			);
			buildRules = (
			);
			dependencies = (
			);
			name = EternalDemo;
			productName = EternalDemo;
			productReference = 696BB6D91BF2854000B02574 /* EternalDemo.app */;
			productType = "com.apple.product-type.application";
		};
		696BB6EC1BF2854100B02574 /* EternalDemoTests */ = {
			isa = PBXNativeTarget;
			buildConfigurationList = 696BB7041BF2854100B02574 /* Build configuration list for PBXNativeTarget "EternalDemoTests" */;
			buildPhases = (
				696BB6E91BF2854100B02574 /* Sources */,
				696BB6EA1BF2854100B02574 /* Frameworks */,
				696BB6EB1BF2854100B02574 /* Resources */,
			);
			buildRules = (
			);
			dependencies = (
				696BB6EF1BF2854100B02574 /* PBXTargetDependency */,
			);
			name = EternalDemoTests;
			productName = EternalDemoTests;
			productReference = 696BB6ED1BF2854100B02574 /* EternalDemoTests.xctest */;
			productType = "com.apple.product-type.bundle.unit-test";
		};
		696BB6F71BF2854100B02574 /* EternalDemoUITests */ = {
			isa = PBXNativeTarget;
			buildConfigurationList = 696BB7071BF2854100B02574 /* Build configuration list for PBXNativeTarget "EternalDemoUITests" */;
			buildPhases = (
				696BB6F41BF2854100B02574 /* Sources */,
				696BB6F51BF2854100B02574 /* Frameworks */,
				696BB6F61BF2854100B02574 /* Resources */,
			);
			buildRules = (
			);
			dependencies = (
				696BB6FA1BF2854100B02574 /* PBXTargetDependency */,
			);
			name = EternalDemoUITests;
			productName = EternalDemoUITests;
			productReference = 696BB6F81BF2854100B02574 /* EternalDemoUITests.xctest */;
			productType = "com.apple.product-type.bundle.ui-testing";
		};
/* End PBXNativeTarget section */

/* Begin PBXProject section */
		696BB6D11BF2854000B02574 /* Project object */ = {
			isa = PBXProject;
			attributes = {
				LastSwiftUpdateCheck = 0710;
				LastUpgradeCheck = 0710;
				ORGANIZATIONNAME = "Igor Matyushkin";
				TargetAttributes = {
					696BB6D81BF2854000B02574 = {
						CreatedOnToolsVersion = 7.1;
					};
					696BB6EC1BF2854100B02574 = {
						CreatedOnToolsVersion = 7.1;
						TestTargetID = 696BB6D81BF2854000B02574;
					};
					696BB6F71BF2854100B02574 = {
						CreatedOnToolsVersion = 7.1;
						TestTargetID = 696BB6D81BF2854000B02574;
					};
				};
			};
			buildConfigurationList = 696BB6D41BF2854000B02574 /* Build configuration list for PBXProject "EternalDemo" */;
			compatibilityVersion = "Xcode 3.2";
			developmentRegion = English;
			hasScannedForEncodings = 0;
			knownRegions = (
				en,
				Base,
			);
			mainGroup = 696BB6D01BF2854000B02574;
			productRefGroup = 696BB6DA1BF2854000B02574 /* Products */;
			projectDirPath = "";
			projectRoot = "";
			targets = (
				696BB6D81BF2854000B02574 /* EternalDemo */,
				696BB6EC1BF2854100B02574 /* EternalDemoTests */,
				696BB6F71BF2854100B02574 /* EternalDemoUITests */,
			);
		};
/* End PBXProject section */

/* Begin PBXResourcesBuildPhase section */
		696BB6D71BF2854000B02574 /* Resources */ = {
			isa = PBXResourcesBuildPhase;
			buildActionMask = 2147483647;
			files = (
				696BB6E71BF2854100B02574 /* LaunchScreen.storyboard in Resources */,
				696BB7101BF2859C00B02574 /* MainViewController.xib in Resources */,
				696BB6E41BF2854100B02574 /* Assets.xcassets in Resources */,
			);
			runOnlyForDeploymentPostprocessing = 0;
		};
		696BB6EB1BF2854100B02574 /* Resources */ = {
			isa = PBXResourcesBuildPhase;
			buildActionMask = 2147483647;
			files = (
			);
			runOnlyForDeploymentPostprocessing = 0;
		};
		696BB6F61BF2854100B02574 /* Resources */ = {
			isa = PBXResourcesBuildPhase;
			buildActionMask = 2147483647;
			files = (
			);
			runOnlyForDeploymentPostprocessing = 0;
		};
/* End PBXResourcesBuildPhase section */

/* Begin PBXSourcesBuildPhase section */
		696BB6D51BF2854000B02574 /* Sources */ = {
			isa = PBXSourcesBuildPhase;
			buildActionMask = 2147483647;
			files = (
				696BB71A1BF2871C00B02574 /* ETTimerExtensionInitialization.swift in Sources */,
				69C9A74B1C18CE38002B82EC /* ETDispatcher.swift in Sources */,
				696BB6DD1BF2854100B02574 /* AppDelegate.swift in Sources */,
				696BB70F1BF2859C00B02574 /* MainViewController.swift in Sources */,
				696BB7181BF2871C00B02574 /* ETTimer.swift in Sources */,
				696BB7191BF2871C00B02574 /* ETTimerBlock.swift in Sources */,
			);
			runOnlyForDeploymentPostprocessing = 0;
		};
		696BB6E91BF2854100B02574 /* Sources */ = {
			isa = PBXSourcesBuildPhase;
			buildActionMask = 2147483647;
			files = (
				696BB6F21BF2854100B02574 /* EternalDemoTests.swift in Sources */,
			);
			runOnlyForDeploymentPostprocessing = 0;
		};
		696BB6F41BF2854100B02574 /* Sources */ = {
			isa = PBXSourcesBuildPhase;
			buildActionMask = 2147483647;
			files = (
				696BB6FD1BF2854100B02574 /* EternalDemoUITests.swift in Sources */,
			);
			runOnlyForDeploymentPostprocessing = 0;
		};
/* End PBXSourcesBuildPhase section */

/* Begin PBXTargetDependency section */
		696BB6EF1BF2854100B02574 /* PBXTargetDependency */ = {
			isa = PBXTargetDependency;
			target = 696BB6D81BF2854000B02574 /* EternalDemo */;
			targetProxy = 696BB6EE1BF2854100B02574 /* PBXContainerItemProxy */;
		};
		696BB6FA1BF2854100B02574 /* PBXTargetDependency */ = {
			isa = PBXTargetDependency;
			target = 696BB6D81BF2854000B02574 /* EternalDemo */;
			targetProxy = 696BB6F91BF2854100B02574 /* PBXContainerItemProxy */;
		};
/* End PBXTargetDependency section */

/* Begin PBXVariantGroup section */
		696BB6E51BF2854100B02574 /* LaunchScreen.storyboard */ = {
			isa = PBXVariantGroup;
			children = (
				696BB6E61BF2854100B02574 /* Base */,
			);
			name = LaunchScreen.storyboard;
			sourceTree = "<group>";
		};
/* End PBXVariantGroup section */

/* Begin XCBuildConfiguration section */
		696BB6FF1BF2854100B02574 /* Debug */ = {
			isa = XCBuildConfiguration;
			buildSettings = {
				ALWAYS_SEARCH_USER_PATHS = NO;
				CLANG_CXX_LANGUAGE_STANDARD = "gnu++0x";
				CLANG_CXX_LIBRARY = "libc++";
				CLANG_ENABLE_MODULES = YES;
				CLANG_ENABLE_OBJC_ARC = YES;
				CLANG_WARN_BOOL_CONVERSION = YES;
				CLANG_WARN_CONSTANT_CONVERSION = YES;
				CLANG_WARN_DIRECT_OBJC_ISA_USAGE = YES_ERROR;
				CLANG_WARN_EMPTY_BODY = YES;
				CLANG_WARN_ENUM_CONVERSION = YES;
				CLANG_WARN_INT_CONVERSION = YES;
				CLANG_WARN_OBJC_ROOT_CLASS = YES_ERROR;
				CLANG_WARN_UNREACHABLE_CODE = YES;
				CLANG_WARN__DUPLICATE_METHOD_MATCH = YES;
				"CODE_SIGN_IDENTITY[sdk=iphoneos*]" = "iPhone Developer";
				COPY_PHASE_STRIP = NO;
				DEBUG_INFORMATION_FORMAT = dwarf;
				ENABLE_STRICT_OBJC_MSGSEND = YES;
				ENABLE_TESTABILITY = YES;
				GCC_C_LANGUAGE_STANDARD = gnu99;
				GCC_DYNAMIC_NO_PIC = NO;
				GCC_NO_COMMON_BLOCKS = YES;
				GCC_OPTIMIZATION_LEVEL = 0;
				GCC_PREPROCESSOR_DEFINITIONS = (
					"DEBUG=1",
					"$(inherited)",
				);
				GCC_WARN_64_TO_32_BIT_CONVERSION = YES;
				GCC_WARN_ABOUT_RETURN_TYPE = YES_ERROR;
				GCC_WARN_UNDECLARED_SELECTOR = YES;
				GCC_WARN_UNINITIALIZED_AUTOS = YES_AGGRESSIVE;
				GCC_WARN_UNUSED_FUNCTION = YES;
				GCC_WARN_UNUSED_VARIABLE = YES;
				IPHONEOS_DEPLOYMENT_TARGET = 9.1;
				MTL_ENABLE_DEBUG_INFO = YES;
				ONLY_ACTIVE_ARCH = YES;
				SDKROOT = iphoneos;
				SWIFT_OPTIMIZATION_LEVEL = "-Onone";
			};
			name = Debug;
		};
		696BB7001BF2854100B02574 /* Release */ = {
			isa = XCBuildConfiguration;
			buildSettings = {
				ALWAYS_SEARCH_USER_PATHS = NO;
				CLANG_CXX_LANGUAGE_STANDARD = "gnu++0x";
				CLANG_CXX_LIBRARY = "libc++";
				CLANG_ENABLE_MODULES = YES;
				CLANG_ENABLE_OBJC_ARC = YES;
				CLANG_WARN_BOOL_CONVERSION = YES;
				CLANG_WARN_CONSTANT_CONVERSION = YES;
				CLANG_WARN_DIRECT_OBJC_ISA_USAGE = YES_ERROR;
				CLANG_WARN_EMPTY_BODY = YES;
				CLANG_WARN_ENUM_CONVERSION = YES;
				CLANG_WARN_INT_CONVERSION = YES;
				CLANG_WARN_OBJC_ROOT_CLASS = YES_ERROR;
				CLANG_WARN_UNREACHABLE_CODE = YES;
				CLANG_WARN__DUPLICATE_METHOD_MATCH = YES;
				"CODE_SIGN_IDENTITY[sdk=iphoneos*]" = "iPhone Developer";
				COPY_PHASE_STRIP = NO;
				DEBUG_INFORMATION_FORMAT = "dwarf-with-dsym";
				ENABLE_NS_ASSERTIONS = NO;
				ENABLE_STRICT_OBJC_MSGSEND = YES;
				GCC_C_LANGUAGE_STANDARD = gnu99;
				GCC_NO_COMMON_BLOCKS = YES;
				GCC_WARN_64_TO_32_BIT_CONVERSION = YES;
				GCC_WARN_ABOUT_RETURN_TYPE = YES_ERROR;
				GCC_WARN_UNDECLARED_SELECTOR = YES;
				GCC_WARN_UNINITIALIZED_AUTOS = YES_AGGRESSIVE;
				GCC_WARN_UNUSED_FUNCTION = YES;
				GCC_WARN_UNUSED_VARIABLE = YES;
				IPHONEOS_DEPLOYMENT_TARGET = 9.1;
				MTL_ENABLE_DEBUG_INFO = NO;
				SDKROOT = iphoneos;
				VALIDATE_PRODUCT = YES;
			};
			name = Release;
		};
		696BB7021BF2854100B02574 /* Debug */ = {
			isa = XCBuildConfiguration;
			buildSettings = {
				ASSETCATALOG_COMPILER_APPICON_NAME = AppIcon;
				INFOPLIST_FILE = EternalDemo/Info.plist;
				IPHONEOS_DEPLOYMENT_TARGET = 8.0;
				LD_RUNPATH_SEARCH_PATHS = "$(inherited) @executable_path/Frameworks";
				PRODUCT_BUNDLE_IDENTIFIER = com.visuality.EternalDemo;
				PRODUCT_NAME = "$(TARGET_NAME)";
			};
			name = Debug;
		};
		696BB7031BF2854100B02574 /* Release */ = {
			isa = XCBuildConfiguration;
			buildSettings = {
				ASSETCATALOG_COMPILER_APPICON_NAME = AppIcon;
				INFOPLIST_FILE = EternalDemo/Info.plist;
				IPHONEOS_DEPLOYMENT_TARGET = 8.0;
				LD_RUNPATH_SEARCH_PATHS = "$(inherited) @executable_path/Frameworks";
				PRODUCT_BUNDLE_IDENTIFIER = com.visuality.EternalDemo;
				PRODUCT_NAME = "$(TARGET_NAME)";
			};
			name = Release;
		};
		696BB7051BF2854100B02574 /* Debug */ = {
			isa = XCBuildConfiguration;
			buildSettings = {
				BUNDLE_LOADER = "$(TEST_HOST)";
				INFOPLIST_FILE = EternalDemoTests/Info.plist;
				LD_RUNPATH_SEARCH_PATHS = "$(inherited) @executable_path/Frameworks @loader_path/Frameworks";
				PRODUCT_BUNDLE_IDENTIFIER = com.visuality.EternalDemoTests;
				PRODUCT_NAME = "$(TARGET_NAME)";
				TEST_HOST = "$(BUILT_PRODUCTS_DIR)/EternalDemo.app/EternalDemo";
			};
			name = Debug;
		};
		696BB7061BF2854100B02574 /* Release */ = {
			isa = XCBuildConfiguration;
			buildSettings = {
				BUNDLE_LOADER = "$(TEST_HOST)";
				INFOPLIST_FILE = EternalDemoTests/Info.plist;
				LD_RUNPATH_SEARCH_PATHS = "$(inherited) @executable_path/Frameworks @loader_path/Frameworks";
				PRODUCT_BUNDLE_IDENTIFIER = com.visuality.EternalDemoTests;
				PRODUCT_NAME = "$(TARGET_NAME)";
				TEST_HOST = "$(BUILT_PRODUCTS_DIR)/EternalDemo.app/EternalDemo";
			};
			name = Release;
		};
		696BB7081BF2854100B02574 /* Debug */ = {
			isa = XCBuildConfiguration;
			buildSettings = {
				INFOPLIST_FILE = EternalDemoUITests/Info.plist;
				LD_RUNPATH_SEARCH_PATHS = "$(inherited) @executable_path/Frameworks @loader_path/Frameworks";
				PRODUCT_BUNDLE_IDENTIFIER = com.visuality.EternalDemoUITests;
				PRODUCT_NAME = "$(TARGET_NAME)";
				TEST_TARGET_NAME = EternalDemo;
				USES_XCTRUNNER = YES;
			};
			name = Debug;
		};
		696BB7091BF2854100B02574 /* Release */ = {
			isa = XCBuildConfiguration;
			buildSettings = {
				INFOPLIST_FILE = EternalDemoUITests/Info.plist;
				LD_RUNPATH_SEARCH_PATHS = "$(inherited) @executable_path/Frameworks @loader_path/Frameworks";
				PRODUCT_BUNDLE_IDENTIFIER = com.visuality.EternalDemoUITests;
				PRODUCT_NAME = "$(TARGET_NAME)";
				TEST_TARGET_NAME = EternalDemo;
				USES_XCTRUNNER = YES;
			};
			name = Release;
		};
/* End XCBuildConfiguration section */

/* Begin XCConfigurationList section */
		696BB6D41BF2854000B02574 /* Build configuration list for PBXProject "EternalDemo" */ = {
			isa = XCConfigurationList;
			buildConfigurations = (
				696BB6FF1BF2854100B02574 /* Debug */,
				696BB7001BF2854100B02574 /* Release */,
			);
			defaultConfigurationIsVisible = 0;
			defaultConfigurationName = Release;
		};
		696BB7011BF2854100B02574 /* Build configuration list for PBXNativeTarget "EternalDemo" */ = {
			isa = XCConfigurationList;
			buildConfigurations = (
				696BB7021BF2854100B02574 /* Debug */,
				696BB7031BF2854100B02574 /* Release */,
			);
			defaultConfigurationIsVisible = 0;
			defaultConfigurationName = Release;
		};
		696BB7041BF2854100B02574 /* Build configuration list for PBXNativeTarget "EternalDemoTests" */ = {
			isa = XCConfigurationList;
			buildConfigurations = (
				696BB7051BF2854100B02574 /* Debug */,
				696BB7061BF2854100B02574 /* Release */,
			);
			defaultConfigurationIsVisible = 0;
			defaultConfigurationName = Release;
		};
		696BB7071BF2854100B02574 /* Build configuration list for PBXNativeTarget "EternalDemoUITests" */ = {
			isa = XCConfigurationList;
			buildConfigurations = (
				696BB7081BF2854100B02574 /* Debug */,
				696BB7091BF2854100B02574 /* Release */,
			);
			defaultConfigurationIsVisible = 0;
			defaultConfigurationName = Release;
		};
/* End XCConfigurationList section */
	};
	rootObject = 696BB6D11BF2854000B02574 /* Project object */;
}
